
Microsoft Visual Studio Solution File, Format Version 12.00
# Visual Studio Version 16
VisualStudioVersion = 16.0.30225.117
MinimumVisualStudioVersion = 10.0.40219.1
Project("{FAE04EC0-301F-11D3-BF4B-00C04F79EFBC}") = "MobileDeviceManager", "MobileDeviceManager\MobileDeviceManager.csproj", "{01079129-7AD2-4C60-8558-BC5B270FA6BA}"
EndProject
Global
	GlobalSection(SolutionConfigurationPlatforms) = preSolution
		Debug|Any CPU = Debug|Any CPU
		Release|Any CPU = Release|Any CPU
	EndGlobalSection
	GlobalSection(ProjectConfigurationPlatforms) = postSolution
		{01079129-7AD2-4C60-8558-BC5B270FA6BA}.Debug|Any CPU.ActiveCfg = Debug|Any CPU
		{01079129-7AD2-4C60-8558-BC5B270FA6BA}.Debug|Any CPU.Build.0 = Debug|Any CPU
		{01079129-7AD2-4C60-8558-BC5B270FA6BA}.Release|Any CPU.ActiveCfg = Release|Any CPU
		{01079129-7AD2-4C60-8558-BC5B270FA6BA}.Release|Any CPU.Build.0 = Release|Any CPU
	EndGlobalSection
	GlobalSection(SolutionProperties) = preSolution
		HideSolutionNode = FALSE
	EndGlobalSection
	GlobalSection(ExtensibilityGlobals) = postSolution
		SolutionGuid = {3103AE42-39DF-488E-84D8-667897F4748F}
	EndGlobalSection
EndGlobal
