
Microsoft Visual Studio Solution File, Format Version 12.00
# Visual Studio Version 16
VisualStudioVersion = 16.0.30225.117
MinimumVisualStudioVersion = 10.0.40219.1
Project("{2150E333-8FDC-42A3-9474-1A3956D46DE8}") = "PresentationLayer", "PresentationLayer", "{6EA0A1A4-EBC6-4133-B36D-C764DFB2D705}"
EndProject
Project("{2150E333-8FDC-42A3-9474-1A3956D46DE8}") = "BusinessLogicLayer", "BusinessLogicLayer", "{1EBAFB7C-8CC1-42CD-94FD-A911D6FB1B77}"
EndProject
Project("{2150E333-8FDC-42A3-9474-1A3956D46DE8}") = "CommonLibrary", "CommonLibrary", "{E5D09E04-88C5-472A-8D68-B2C29268F807}"
EndProject
Project("{2150E333-8FDC-42A3-9474-1A3956D46DE8}") = "DataAccessLayer", "DataAccessLayer", "{4BA29764-86BB-452E-8AE6-E17E22E7D4B8}"
EndProject
Project("{FAE04EC0-301F-11D3-BF4B-00C04F79EFBC}") = "MDM.BLL", "MDM.BLL\MDM.BLL.csproj", "{98AE3106-F942-40C0-9742-70FB91DBBCA6}"
EndProject
Project("{FAE04EC0-301F-11D3-BF4B-00C04F79EFBC}") = "MDM.Model", "MDM.Model\MDM.Model.csproj", "{A3407B86-6EDD-4D2C-9886-98B3F5CE37E5}"
EndProject
Project("{FAE04EC0-301F-11D3-BF4B-00C04F79EFBC}") = "MDM.IDAL", "MDM.IDAL\MDM.IDAL.csproj", "{91847DEE-F339-49D6-BD3E-532569D1C408}"
EndProject
Project("{FAE04EC0-301F-11D3-BF4B-00C04F79EFBC}") = "MDM.DAL", "MDM.DAL\MDM.DAL.csproj", "{BD56EAD3-E474-4D43-824E-6D1E417A7B37}"
EndProject
Project("{FAE04EC0-301F-11D3-BF4B-00C04F79EFBC}") = "MDMConsole", "MDMConsole\MDMConsole.csproj", "{DBD3AA06-6128-4E14-B4BA-2C933F9853E6}"
EndProject
Global
	GlobalSection(SolutionConfigurationPlatforms) = preSolution
		Debug|Any CPU = Debug|Any CPU
		Release|Any CPU = Release|Any CPU
	EndGlobalSection
	GlobalSection(ProjectConfigurationPlatforms) = postSolution
		{98AE3106-F942-40C0-9742-70FB91DBBCA6}.Debug|Any CPU.ActiveCfg = Debug|Any CPU
		{98AE3106-F942-40C0-9742-70FB91DBBCA6}.Debug|Any CPU.Build.0 = Debug|Any CPU
		{98AE3106-F942-40C0-9742-70FB91DBBCA6}.Release|Any CPU.ActiveCfg = Release|Any CPU
		{98AE3106-F942-40C0-9742-70FB91DBBCA6}.Release|Any CPU.Build.0 = Release|Any CPU
		{A3407B86-6EDD-4D2C-9886-98B3F5CE37E5}.Debug|Any CPU.ActiveCfg = Debug|Any CPU
		{A3407B86-6EDD-4D2C-9886-98B3F5CE37E5}.Debug|Any CPU.Build.0 = Debug|Any CPU
		{A3407B86-6EDD-4D2C-9886-98B3F5CE37E5}.Release|Any CPU.ActiveCfg = Release|Any CPU
		{A3407B86-6EDD-4D2C-9886-98B3F5CE37E5}.Release|Any CPU.Build.0 = Release|Any CPU
		{91847DEE-F339-49D6-BD3E-532569D1C408}.Debug|Any CPU.ActiveCfg = Debug|Any CPU
		{91847DEE-F339-49D6-BD3E-532569D1C408}.Debug|Any CPU.Build.0 = Debug|Any CPU
		{91847DEE-F339-49D6-BD3E-532569D1C408}.Release|Any CPU.ActiveCfg = Release|Any CPU
		{91847DEE-F339-49D6-BD3E-532569D1C408}.Release|Any CPU.Build.0 = Release|Any CPU
		{BD56EAD3-E474-4D43-824E-6D1E417A7B37}.Debug|Any CPU.ActiveCfg = Debug|Any CPU
		{BD56EAD3-E474-4D43-824E-6D1E417A7B37}.Debug|Any CPU.Build.0 = Debug|Any CPU
		{BD56EAD3-E474-4D43-824E-6D1E417A7B37}.Release|Any CPU.ActiveCfg = Release|Any CPU
		{BD56EAD3-E474-4D43-824E-6D1E417A7B37}.Release|Any CPU.Build.0 = Release|Any CPU
		{DBD3AA06-6128-4E14-B4BA-2C933F9853E6}.Debug|Any CPU.ActiveCfg = Debug|Any CPU
		{DBD3AA06-6128-4E14-B4BA-2C933F9853E6}.Debug|Any CPU.Build.0 = Debug|Any CPU
		{DBD3AA06-6128-4E14-B4BA-2C933F9853E6}.Release|Any CPU.ActiveCfg = Release|Any CPU
		{DBD3AA06-6128-4E14-B4BA-2C933F9853E6}.Release|Any CPU.Build.0 = Release|Any CPU
	EndGlobalSection
	GlobalSection(SolutionProperties) = preSolution
		HideSolutionNode = FALSE
	EndGlobalSection
	GlobalSection(NestedProjects) = preSolution
		{98AE3106-F942-40C0-9742-70FB91DBBCA6} = {1EBAFB7C-8CC1-42CD-94FD-A911D6FB1B77}
		{A3407B86-6EDD-4D2C-9886-98B3F5CE37E5} = {E5D09E04-88C5-472A-8D68-B2C29268F807}
		{91847DEE-F339-49D6-BD3E-532569D1C408} = {4BA29764-86BB-452E-8AE6-E17E22E7D4B8}
		{BD56EAD3-E474-4D43-824E-6D1E417A7B37} = {4BA29764-86BB-452E-8AE6-E17E22E7D4B8}
		{DBD3AA06-6128-4E14-B4BA-2C933F9853E6} = {6EA0A1A4-EBC6-4133-B36D-C764DFB2D705}
	EndGlobalSection
	GlobalSection(ExtensibilityGlobals) = postSolution
		SolutionGuid = {3103AE42-39DF-488E-84D8-667897F4748F}
	EndGlobalSection
EndGlobal
